
Microsoft Visual Studio Solution File, Format Version 12.00
# Visual Studio Version 17
VisualStudioVersion = 17.4.33213.308
MinimumVisualStudioVersion = 10.0.40219.1
Project("{FAE04EC0-301F-11D3-BF4B-00C04F79EFBC}") = "SkylineVVehicleTuning", "SkylineVVehicleTuning.csproj", "{4D237B64-647C-463F-8AD6-125C5B4A62A0}"
EndProject
Global
	GlobalSection(SolutionConfigurationPlatforms) = preSolution
		Debug|Any CPU = Debug|Any CPU
		Release|Any CPU = Release|Any CPU
	EndGlobalSection
	GlobalSection(ProjectConfigurationPlatforms) = postSolution
		{4D237B64-647C-463F-8AD6-125C5B4A62A0}.Debug|Any CPU.ActiveCfg = Debug|Any CPU
		{4D237B64-647C-463F-8AD6-125C5B4A62A0}.Debug|Any CPU.Build.0 = Debug|Any CPU
		{4D237B64-647C-463F-8AD6-125C5B4A62A0}.Release|Any CPU.ActiveCfg = Release|Any CPU
		{4D237B64-647C-463F-8AD6-125C5B4A62A0}.Release|Any CPU.Build.0 = Release|Any CPU
	EndGlobalSection
	GlobalSection(SolutionProperties) = preSolution
		HideSolutionNode = FALSE
	EndGlobalSection
	GlobalSection(ExtensibilityGlobals) = postSolution
		SolutionGuid = {5C5E9C88-F691-480D-A774-C196A61E2DEB}
	EndGlobalSection
EndGlobal
